
Microsoft Visual Studio Solution File, Format Version 12.00
# Visual Studio Version 18
VisualStudioVersion = 18.5.11626.173
MinimumVisualStudioVersion = 10.0.40219.1
Project("{FAE04EC0-301F-11D3-BF4B-00C04F79EFBC}") = "PIIChatDetectionMiddleware", "AzureAICommunityAgent\Middleware\PIIChatDetectionMiddleware\PIIChatDetectionMiddleware.csproj", "{A10B3205-FEF3-440C-8A3D-91BA85CB1CB6}"
EndProject
Project("{2150E333-8FDC-42A3-9474-1A3956D46DE8}") = "Middleware", "Middleware", "{E416065D-9440-47DC-988C-0305AD59D5F6}"
EndProject
Project("{2150E333-8FDC-42A3-9474-1A3956D46DE8}") = "Tests", "Tests", "{0AB3BF05-4346-4AA6-1389-037BE0695223}"
EndProject
Project("{2150E333-8FDC-42A3-9474-1A3956D46DE8}") = "Middleware", "Middleware", "{BA4939C2-B0E9-1658-9BD4-29C4108A44BF}"
EndProject
Project("{FAE04EC0-301F-11D3-BF4B-00C04F79EFBC}") = "PIIChatDetectionMiddleware.Tests", "AzureAICommunityAgent\Tests\Middleware\PIIChatDetectionMiddleware.Tests\PIIChatDetectionMiddleware.Tests.csproj", "{70C4126D-18A8-430D-8D3F-6E4BBA80E0D8}"
EndProject
Project("{2150E333-8FDC-42A3-9474-1A3956D46DE8}") = "Sample", "Sample", "{8EE5B7D4-BB40-4789-AF2D-8CB93E278085}"
EndProject
Project("{2150E333-8FDC-42A3-9474-1A3956D46DE8}") = "Middleware", "Middleware", "{4763F3D0-67D8-42D7-93EF-0B544548B3A7}"
EndProject
Project("{FAE04EC0-301F-11D3-BF4B-00C04F79EFBC}") = "PIIChatDetection", "AzureAICommunityAgent\Sample\Middleware\PIIChatDetection\PIIChatDetection.csproj", "{CE59DCD8-053B-4853-AD20-FA9E660C5AA0}"
EndProject
Project("{FAE04EC0-301F-11D3-BF4B-00C04F79EFBC}") = "TokenUsageMiddleware", "AzureAICommunityAgent\Middleware\TokenUsageMiddleware\TokenUsageMiddleware.csproj", "{F1E2D3C4-B5A6-4978-89AB-CDEF01234567}"
EndProject
Project("{FAE04EC0-301F-11D3-BF4B-00C04F79EFBC}") = "TokenUsageMiddleware.Tests", "AzureAICommunityAgent\Tests\Middleware\TokenUsageMiddleware.Tests\TokenUsageMiddleware.Tests.csproj", "{A2B3C4D5-E6F7-4891-ABCD-EF0123456789}"
EndProject
Project("{FAE04EC0-301F-11D3-BF4B-00C04F79EFBC}") = "TokenUsage", "AzureAICommunityAgent\Sample\Middleware\TokenUsage\TokenUsage.csproj", "{B3C4D5E6-F7A8-49AB-BCDE-F01234567890}"
EndProject
Project("{FAE04EC0-301F-11D3-BF4B-00C04F79EFBC}") = "LanguageTranslationMiddleware", "AzureAICommunityAgent\Middleware\LanguageTranslationMiddleware\LanguageTranslationMiddleware.csproj", "{D1E2F3A4-B5C6-4D7E-8F90-1A2B3C4D5E6F}"
EndProject
Project("{FAE04EC0-301F-11D3-BF4B-00C04F79EFBC}") = "LanguageTranslationMiddleware.Tests", "AzureAICommunityAgent\Tests\Middleware\LanguageTranslationMiddleware.Tests\LanguageTranslationMiddleware.Tests.csproj", "{E2F3A4B5-C6D7-4E8F-9001-2B3C4D5E6F70}"
EndProject
Project("{FAE04EC0-301F-11D3-BF4B-00C04F79EFBC}") = "LanguageTranslation", "AzureAICommunityAgent\Sample\Middleware\LanguageTranslation\LanguageTranslation.csproj", "{F3A4B5C6-D7E8-4F90-A102-3C4D5E6F7081}"
EndProject
Project("{FAE04EC0-301F-11D3-BF4B-00C04F79EFBC}") = "ContextCompressionMiddleware", "AzureAICommunityAgent\Middleware\ContextCompressionMiddleware\ContextCompressionMiddleware.csproj", "{C4D5E6F7-A8B9-4CAB-CDEF-012345678901}"
EndProject
Project("{FAE04EC0-301F-11D3-BF4B-00C04F79EFBC}") = "ContextCompressionMiddleware.Tests", "AzureAICommunityAgent\Tests\Middleware\ContextCompressionMiddleware.Tests\ContextCompressionMiddleware.Tests.csproj", "{D5E6F7A8-B9CA-4BCD-DEF0-123456789012}"
EndProject
Project("{FAE04EC0-301F-11D3-BF4B-00C04F79EFBC}") = "ContextCompression", "AzureAICommunityAgent\Sample\Middleware\ContextCompression\ContextCompression.csproj", "{E6F7A8B9-CADB-4CDE-EF01-234567890123}"
EndProject
Project("{FAE04EC0-301F-11D3-BF4B-00C04F79EFBC}") = "YouTubeSearch", "AzureAICommunityAgent\Sample\Middleware\YouTubeSearch\YouTubeSearch.csproj", "{AF919D97-E037-4754-ADCD-5685D5E6A475}"
EndProject
Project("{FAE04EC0-301F-11D3-BF4B-00C04F79EFBC}") = "YouTubeMiddleware", "AzureAICommunityAgent\Middleware\YouTubeVideoMiddleware\YouTubeMiddleware.csproj", "{9D75952F-B16F-15B5-2462-E0B50CD55933}"
EndProject
Project("{FAE04EC0-301F-11D3-BF4B-00C04F79EFBC}") = "FileSearchMiddleware", "AzureAICommunityAgent\Middleware\FileSearchMiddleware\FileSearchMiddleware.csproj", "{9F007B2A-423E-1481-D819-9EB926A7D290}"
EndProject
Project("{FAE04EC0-301F-11D3-BF4B-00C04F79EFBC}") = "AzureMapsAddressSuggestionMiddleware", "AzureAICommunityAgent\Middleware\AzureMapsAddressSuggestionMiddleware\AzureMapsAddressSuggestionMiddleware.csproj", "{7C2FB90A-A012-856B-2034-39206050C604}"
EndProject
Project("{FAE04EC0-301F-11D3-BF4B-00C04F79EFBC}") = "AzureMapsSearch", "AzureAICommunityAgent\Sample\Middleware\AzureMapsSearch\AzureMapsSearch.csproj", "{220E5BBD-40FC-69E2-2A43-CB767A3821B1}"
EndProject
Project("{FAE04EC0-301F-11D3-BF4B-00C04F79EFBC}") = "FileSearchAgentDemo", "AzureAICommunityAgent\Sample\Middleware\FileSearchAgentDemo\FileSearchAgentDemo.csproj", "{73313CA8-3244-BE45-0A55-629D22FA6773}"
EndProject
Project("{FAE04EC0-301F-11D3-BF4B-00C04F79EFBC}") = "AzureMapsAddressSuggestionMiddleware.Tests", "AzureAICommunityAgent\Tests\Middleware\AzureMapsAddressSuggestionMiddleware.Tests\AzureMapsAddressSuggestionMiddleware.Tests.csproj", "{9A3E4510-277E-48F8-99E5-DC5B55667E47}"
EndProject
Project("{FAE04EC0-301F-11D3-BF4B-00C04F79EFBC}") = "FileSearchModule.Tests", "AzureAICommunityAgent\Tests\Middleware\FileSearchMiddleware.Tests\FileSearchModule.Tests.csproj", "{95E8FE0E-2E63-E441-4D63-AAA52824E542}"
EndProject
Project("{FAE04EC0-301F-11D3-BF4B-00C04F79EFBC}") = "ToolLimitMiddleware", "AzureAICommunityAgent\Middleware\ToolLimitMiddleware\ToolLimitMiddleware.csproj", "{F4FCB8B8-88FA-499E-9EEC-DF65DA08A7DF}"
EndProject
Project("{FAE04EC0-301F-11D3-BF4B-00C04F79EFBC}") = "ToolLimit", "AzureAICommunityAgent\Sample\Middleware\ToolLimit\ToolLimit.csproj", "{2BC65373-5B88-46B1-B948-DD55251A10AC}"
EndProject
Global
	GlobalSection(SolutionConfigurationPlatforms) = preSolution
		Debug|Any CPU = Debug|Any CPU
		Debug|x64 = Debug|x64
		Debug|x86 = Debug|x86
		Release|Any CPU = Release|Any CPU
		Release|x64 = Release|x64
		Release|x86 = Release|x86
	EndGlobalSection
	GlobalSection(ProjectConfigurationPlatforms) = postSolution
		{A10B3205-FEF3-440C-8A3D-91BA85CB1CB6}.Debug|Any CPU.ActiveCfg = Debug|Any CPU
		{A10B3205-FEF3-440C-8A3D-91BA85CB1CB6}.Debug|Any CPU.Build.0 = Debug|Any CPU
		{A10B3205-FEF3-440C-8A3D-91BA85CB1CB6}.Debug|x64.ActiveCfg = Debug|Any CPU
		{A10B3205-FEF3-440C-8A3D-91BA85CB1CB6}.Debug|x64.Build.0 = Debug|Any CPU
		{A10B3205-FEF3-440C-8A3D-91BA85CB1CB6}.Debug|x86.ActiveCfg = Debug|Any CPU
		{A10B3205-FEF3-440C-8A3D-91BA85CB1CB6}.Debug|x86.Build.0 = Debug|Any CPU
		{A10B3205-FEF3-440C-8A3D-91BA85CB1CB6}.Release|Any CPU.ActiveCfg = Release|Any CPU
		{A10B3205-FEF3-440C-8A3D-91BA85CB1CB6}.Release|Any CPU.Build.0 = Release|Any CPU
		{A10B3205-FEF3-440C-8A3D-91BA85CB1CB6}.Release|x64.ActiveCfg = Release|Any CPU
		{A10B3205-FEF3-440C-8A3D-91BA85CB1CB6}.Release|x64.Build.0 = Release|Any CPU
		{A10B3205-FEF3-440C-8A3D-91BA85CB1CB6}.Release|x86.ActiveCfg = Release|Any CPU
		{A10B3205-FEF3-440C-8A3D-91BA85CB1CB6}.Release|x86.Build.0 = Release|Any CPU
		{70C4126D-18A8-430D-8D3F-6E4BBA80E0D8}.Debug|Any CPU.ActiveCfg = Debug|Any CPU
		{70C4126D-18A8-430D-8D3F-6E4BBA80E0D8}.Debug|Any CPU.Build.0 = Debug|Any CPU
		{70C4126D-18A8-430D-8D3F-6E4BBA80E0D8}.Debug|x64.ActiveCfg = Debug|Any CPU
		{70C4126D-18A8-430D-8D3F-6E4BBA80E0D8}.Debug|x64.Build.0 = Debug|Any CPU
		{70C4126D-18A8-430D-8D3F-6E4BBA80E0D8}.Debug|x86.ActiveCfg = Debug|Any CPU
		{70C4126D-18A8-430D-8D3F-6E4BBA80E0D8}.Debug|x86.Build.0 = Debug|Any CPU
		{70C4126D-18A8-430D-8D3F-6E4BBA80E0D8}.Release|Any CPU.ActiveCfg = Release|Any CPU
		{70C4126D-18A8-430D-8D3F-6E4BBA80E0D8}.Release|Any CPU.Build.0 = Release|Any CPU
		{70C4126D-18A8-430D-8D3F-6E4BBA80E0D8}.Release|x64.ActiveCfg = Release|Any CPU
		{70C4126D-18A8-430D-8D3F-6E4BBA80E0D8}.Release|x64.Build.0 = Release|Any CPU
		{70C4126D-18A8-430D-8D3F-6E4BBA80E0D8}.Release|x86.ActiveCfg = Release|Any CPU
		{70C4126D-18A8-430D-8D3F-6E4BBA80E0D8}.Release|x86.Build.0 = Release|Any CPU
		{CE59DCD8-053B-4853-AD20-FA9E660C5AA0}.Debug|Any CPU.ActiveCfg = Debug|Any CPU
		{CE59DCD8-053B-4853-AD20-FA9E660C5AA0}.Debug|Any CPU.Build.0 = Debug|Any CPU
		{CE59DCD8-053B-4853-AD20-FA9E660C5AA0}.Debug|x64.ActiveCfg = Debug|Any CPU
		{CE59DCD8-053B-4853-AD20-FA9E660C5AA0}.Debug|x64.Build.0 = Debug|Any CPU
		{CE59DCD8-053B-4853-AD20-FA9E660C5AA0}.Debug|x86.ActiveCfg = Debug|Any CPU
		{CE59DCD8-053B-4853-AD20-FA9E660C5AA0}.Debug|x86.Build.0 = Debug|Any CPU
		{CE59DCD8-053B-4853-AD20-FA9E660C5AA0}.Release|Any CPU.ActiveCfg = Release|Any CPU
		{CE59DCD8-053B-4853-AD20-FA9E660C5AA0}.Release|Any CPU.Build.0 = Release|Any CPU
		{CE59DCD8-053B-4853-AD20-FA9E660C5AA0}.Release|x64.ActiveCfg = Release|Any CPU
		{CE59DCD8-053B-4853-AD20-FA9E660C5AA0}.Release|x64.Build.0 = Release|Any CPU
		{CE59DCD8-053B-4853-AD20-FA9E660C5AA0}.Release|x86.ActiveCfg = Release|Any CPU
		{CE59DCD8-053B-4853-AD20-FA9E660C5AA0}.Release|x86.Build.0 = Release|Any CPU
		{F1E2D3C4-B5A6-4978-89AB-CDEF01234567}.Debug|Any CPU.ActiveCfg = Debug|Any CPU
		{F1E2D3C4-B5A6-4978-89AB-CDEF01234567}.Debug|Any CPU.Build.0 = Debug|Any CPU
		{F1E2D3C4-B5A6-4978-89AB-CDEF01234567}.Debug|x64.ActiveCfg = Debug|Any CPU
		{F1E2D3C4-B5A6-4978-89AB-CDEF01234567}.Debug|x64.Build.0 = Debug|Any CPU
		{F1E2D3C4-B5A6-4978-89AB-CDEF01234567}.Debug|x86.ActiveCfg = Debug|Any CPU
		{F1E2D3C4-B5A6-4978-89AB-CDEF01234567}.Debug|x86.Build.0 = Debug|Any CPU
		{F1E2D3C4-B5A6-4978-89AB-CDEF01234567}.Release|Any CPU.ActiveCfg = Release|Any CPU
		{F1E2D3C4-B5A6-4978-89AB-CDEF01234567}.Release|Any CPU.Build.0 = Release|Any CPU
		{F1E2D3C4-B5A6-4978-89AB-CDEF01234567}.Release|x64.ActiveCfg = Release|Any CPU
		{F1E2D3C4-B5A6-4978-89AB-CDEF01234567}.Release|x64.Build.0 = Release|Any CPU
		{F1E2D3C4-B5A6-4978-89AB-CDEF01234567}.Release|x86.ActiveCfg = Release|Any CPU
		{F1E2D3C4-B5A6-4978-89AB-CDEF01234567}.Release|x86.Build.0 = Release|Any CPU
		{A2B3C4D5-E6F7-4891-ABCD-EF0123456789}.Debug|Any CPU.ActiveCfg = Debug|Any CPU
		{A2B3C4D5-E6F7-4891-ABCD-EF0123456789}.Debug|Any CPU.Build.0 = Debug|Any CPU
		{A2B3C4D5-E6F7-4891-ABCD-EF0123456789}.Debug|x64.ActiveCfg = Debug|Any CPU
		{A2B3C4D5-E6F7-4891-ABCD-EF0123456789}.Debug|x64.Build.0 = Debug|Any CPU
		{A2B3C4D5-E6F7-4891-ABCD-EF0123456789}.Debug|x86.ActiveCfg = Debug|Any CPU
		{A2B3C4D5-E6F7-4891-ABCD-EF0123456789}.Debug|x86.Build.0 = Debug|Any CPU
		{A2B3C4D5-E6F7-4891-ABCD-EF0123456789}.Release|Any CPU.ActiveCfg = Release|Any CPU
		{A2B3C4D5-E6F7-4891-ABCD-EF0123456789}.Release|Any CPU.Build.0 = Release|Any CPU
		{A2B3C4D5-E6F7-4891-ABCD-EF0123456789}.Release|x64.ActiveCfg = Release|Any CPU
		{A2B3C4D5-E6F7-4891-ABCD-EF0123456789}.Release|x64.Build.0 = Release|Any CPU
		{A2B3C4D5-E6F7-4891-ABCD-EF0123456789}.Release|x86.ActiveCfg = Release|Any CPU
		{A2B3C4D5-E6F7-4891-ABCD-EF0123456789}.Release|x86.Build.0 = Release|Any CPU
		{B3C4D5E6-F7A8-49AB-BCDE-F01234567890}.Debug|Any CPU.ActiveCfg = Debug|Any CPU
		{B3C4D5E6-F7A8-49AB-BCDE-F01234567890}.Debug|Any CPU.Build.0 = Debug|Any CPU
		{B3C4D5E6-F7A8-49AB-BCDE-F01234567890}.Debug|x64.ActiveCfg = Debug|Any CPU
		{B3C4D5E6-F7A8-49AB-BCDE-F01234567890}.Debug|x64.Build.0 = Debug|Any CPU
		{B3C4D5E6-F7A8-49AB-BCDE-F01234567890}.Debug|x86.ActiveCfg = Debug|Any CPU
		{B3C4D5E6-F7A8-49AB-BCDE-F01234567890}.Debug|x86.Build.0 = Debug|Any CPU
		{B3C4D5E6-F7A8-49AB-BCDE-F01234567890}.Release|Any CPU.ActiveCfg = Release|Any CPU
		{B3C4D5E6-F7A8-49AB-BCDE-F01234567890}.Release|Any CPU.Build.0 = Release|Any CPU
		{B3C4D5E6-F7A8-49AB-BCDE-F01234567890}.Release|x64.ActiveCfg = Release|Any CPU
		{B3C4D5E6-F7A8-49AB-BCDE-F01234567890}.Release|x64.Build.0 = Release|Any CPU
		{B3C4D5E6-F7A8-49AB-BCDE-F01234567890}.Release|x86.ActiveCfg = Release|Any CPU
		{B3C4D5E6-F7A8-49AB-BCDE-F01234567890}.Release|x86.Build.0 = Release|Any CPU
		{D1E2F3A4-B5C6-4D7E-8F90-1A2B3C4D5E6F}.Debug|Any CPU.ActiveCfg = Debug|Any CPU
		{D1E2F3A4-B5C6-4D7E-8F90-1A2B3C4D5E6F}.Debug|Any CPU.Build.0 = Debug|Any CPU
		{D1E2F3A4-B5C6-4D7E-8F90-1A2B3C4D5E6F}.Debug|x64.ActiveCfg = Debug|Any CPU
		{D1E2F3A4-B5C6-4D7E-8F90-1A2B3C4D5E6F}.Debug|x64.Build.0 = Debug|Any CPU
		{D1E2F3A4-B5C6-4D7E-8F90-1A2B3C4D5E6F}.Debug|x86.ActiveCfg = Debug|Any CPU
		{D1E2F3A4-B5C6-4D7E-8F90-1A2B3C4D5E6F}.Debug|x86.Build.0 = Debug|Any CPU
		{D1E2F3A4-B5C6-4D7E-8F90-1A2B3C4D5E6F}.Release|Any CPU.ActiveCfg = Release|Any CPU
		{D1E2F3A4-B5C6-4D7E-8F90-1A2B3C4D5E6F}.Release|Any CPU.Build.0 = Release|Any CPU
		{D1E2F3A4-B5C6-4D7E-8F90-1A2B3C4D5E6F}.Release|x64.ActiveCfg = Release|Any CPU
		{D1E2F3A4-B5C6-4D7E-8F90-1A2B3C4D5E6F}.Release|x64.Build.0 = Release|Any CPU
		{D1E2F3A4-B5C6-4D7E-8F90-1A2B3C4D5E6F}.Release|x86.ActiveCfg = Release|Any CPU
		{D1E2F3A4-B5C6-4D7E-8F90-1A2B3C4D5E6F}.Release|x86.Build.0 = Release|Any CPU
		{E2F3A4B5-C6D7-4E8F-9001-2B3C4D5E6F70}.Debug|Any CPU.ActiveCfg = Debug|Any CPU
		{E2F3A4B5-C6D7-4E8F-9001-2B3C4D5E6F70}.Debug|Any CPU.Build.0 = Debug|Any CPU
		{E2F3A4B5-C6D7-4E8F-9001-2B3C4D5E6F70}.Debug|x64.ActiveCfg = Debug|Any CPU
		{E2F3A4B5-C6D7-4E8F-9001-2B3C4D5E6F70}.Debug|x64.Build.0 = Debug|Any CPU
		{E2F3A4B5-C6D7-4E8F-9001-2B3C4D5E6F70}.Debug|x86.ActiveCfg = Debug|Any CPU
		{E2F3A4B5-C6D7-4E8F-9001-2B3C4D5E6F70}.Debug|x86.Build.0 = Debug|Any CPU
		{E2F3A4B5-C6D7-4E8F-9001-2B3C4D5E6F70}.Release|Any CPU.ActiveCfg = Release|Any CPU
		{E2F3A4B5-C6D7-4E8F-9001-2B3C4D5E6F70}.Release|Any CPU.Build.0 = Release|Any CPU
		{E2F3A4B5-C6D7-4E8F-9001-2B3C4D5E6F70}.Release|x64.ActiveCfg = Release|Any CPU
		{E2F3A4B5-C6D7-4E8F-9001-2B3C4D5E6F70}.Release|x64.Build.0 = Release|Any CPU
		{E2F3A4B5-C6D7-4E8F-9001-2B3C4D5E6F70}.Release|x86.ActiveCfg = Release|Any CPU
		{E2F3A4B5-C6D7-4E8F-9001-2B3C4D5E6F70}.Release|x86.Build.0 = Release|Any CPU
		{F3A4B5C6-D7E8-4F90-A102-3C4D5E6F7081}.Debug|Any CPU.ActiveCfg = Debug|Any CPU
		{F3A4B5C6-D7E8-4F90-A102-3C4D5E6F7081}.Debug|Any CPU.Build.0 = Debug|Any CPU
		{F3A4B5C6-D7E8-4F90-A102-3C4D5E6F7081}.Debug|x64.ActiveCfg = Debug|Any CPU
		{F3A4B5C6-D7E8-4F90-A102-3C4D5E6F7081}.Debug|x64.Build.0 = Debug|Any CPU
		{F3A4B5C6-D7E8-4F90-A102-3C4D5E6F7081}.Debug|x86.ActiveCfg = Debug|Any CPU
		{F3A4B5C6-D7E8-4F90-A102-3C4D5E6F7081}.Debug|x86.Build.0 = Debug|Any CPU
		{F3A4B5C6-D7E8-4F90-A102-3C4D5E6F7081}.Release|Any CPU.ActiveCfg = Release|Any CPU
		{F3A4B5C6-D7E8-4F90-A102-3C4D5E6F7081}.Release|Any CPU.Build.0 = Release|Any CPU
		{F3A4B5C6-D7E8-4F90-A102-3C4D5E6F7081}.Release|x64.ActiveCfg = Release|Any CPU
		{F3A4B5C6-D7E8-4F90-A102-3C4D5E6F7081}.Release|x64.Build.0 = Release|Any CPU
		{F3A4B5C6-D7E8-4F90-A102-3C4D5E6F7081}.Release|x86.ActiveCfg = Release|Any CPU
		{F3A4B5C6-D7E8-4F90-A102-3C4D5E6F7081}.Release|x86.Build.0 = Release|Any CPU
		{C4D5E6F7-A8B9-4CAB-CDEF-012345678901}.Debug|Any CPU.ActiveCfg = Debug|Any CPU
		{C4D5E6F7-A8B9-4CAB-CDEF-012345678901}.Debug|Any CPU.Build.0 = Debug|Any CPU
		{C4D5E6F7-A8B9-4CAB-CDEF-012345678901}.Debug|x64.ActiveCfg = Debug|Any CPU
		{C4D5E6F7-A8B9-4CAB-CDEF-012345678901}.Debug|x64.Build.0 = Debug|Any CPU
		{C4D5E6F7-A8B9-4CAB-CDEF-012345678901}.Debug|x86.ActiveCfg = Debug|Any CPU
		{C4D5E6F7-A8B9-4CAB-CDEF-012345678901}.Debug|x86.Build.0 = Debug|Any CPU
		{C4D5E6F7-A8B9-4CAB-CDEF-012345678901}.Release|Any CPU.ActiveCfg = Release|Any CPU
		{C4D5E6F7-A8B9-4CAB-CDEF-012345678901}.Release|Any CPU.Build.0 = Release|Any CPU
		{C4D5E6F7-A8B9-4CAB-CDEF-012345678901}.Release|x64.ActiveCfg = Release|Any CPU
		{C4D5E6F7-A8B9-4CAB-CDEF-012345678901}.Release|x64.Build.0 = Release|Any CPU
		{C4D5E6F7-A8B9-4CAB-CDEF-012345678901}.Release|x86.ActiveCfg = Release|Any CPU
		{C4D5E6F7-A8B9-4CAB-CDEF-012345678901}.Release|x86.Build.0 = Release|Any CPU
		{D5E6F7A8-B9CA-4BCD-DEF0-123456789012}.Debug|Any CPU.ActiveCfg = Debug|Any CPU
		{D5E6F7A8-B9CA-4BCD-DEF0-123456789012}.Debug|Any CPU.Build.0 = Debug|Any CPU
		{D5E6F7A8-B9CA-4BCD-DEF0-123456789012}.Debug|x64.ActiveCfg = Debug|Any CPU
		{D5E6F7A8-B9CA-4BCD-DEF0-123456789012}.Debug|x64.Build.0 = Debug|Any CPU
		{D5E6F7A8-B9CA-4BCD-DEF0-123456789012}.Debug|x86.ActiveCfg = Debug|Any CPU
		{D5E6F7A8-B9CA-4BCD-DEF0-123456789012}.Debug|x86.Build.0 = Debug|Any CPU
		{D5E6F7A8-B9CA-4BCD-DEF0-123456789012}.Release|Any CPU.ActiveCfg = Release|Any CPU
		{D5E6F7A8-B9CA-4BCD-DEF0-123456789012}.Release|Any CPU.Build.0 = Release|Any CPU
		{D5E6F7A8-B9CA-4BCD-DEF0-123456789012}.Release|x64.ActiveCfg = Release|Any CPU
		{D5E6F7A8-B9CA-4BCD-DEF0-123456789012}.Release|x64.Build.0 = Release|Any CPU
		{D5E6F7A8-B9CA-4BCD-DEF0-123456789012}.Release|x86.ActiveCfg = Release|Any CPU
		{D5E6F7A8-B9CA-4BCD-DEF0-123456789012}.Release|x86.Build.0 = Release|Any CPU
		{E6F7A8B9-CADB-4CDE-EF01-234567890123}.Debug|Any CPU.ActiveCfg = Debug|Any CPU
		{E6F7A8B9-CADB-4CDE-EF01-234567890123}.Debug|Any CPU.Build.0 = Debug|Any CPU
		{E6F7A8B9-CADB-4CDE-EF01-234567890123}.Debug|x64.ActiveCfg = Debug|Any CPU
		{E6F7A8B9-CADB-4CDE-EF01-234567890123}.Debug|x64.Build.0 = Debug|Any CPU
		{E6F7A8B9-CADB-4CDE-EF01-234567890123}.Debug|x86.ActiveCfg = Debug|Any CPU
		{E6F7A8B9-CADB-4CDE-EF01-234567890123}.Debug|x86.Build.0 = Debug|Any CPU
		{E6F7A8B9-CADB-4CDE-EF01-234567890123}.Release|Any CPU.ActiveCfg = Release|Any CPU
		{E6F7A8B9-CADB-4CDE-EF01-234567890123}.Release|Any CPU.Build.0 = Release|Any CPU
		{E6F7A8B9-CADB-4CDE-EF01-234567890123}.Release|x64.ActiveCfg = Release|Any CPU
		{E6F7A8B9-CADB-4CDE-EF01-234567890123}.Release|x64.Build.0 = Release|Any CPU
		{E6F7A8B9-CADB-4CDE-EF01-234567890123}.Release|x86.ActiveCfg = Release|Any CPU
		{E6F7A8B9-CADB-4CDE-EF01-234567890123}.Release|x86.Build.0 = Release|Any CPU
		{AF919D97-E037-4754-ADCD-5685D5E6A475}.Debug|Any CPU.ActiveCfg = Debug|Any CPU
		{AF919D97-E037-4754-ADCD-5685D5E6A475}.Debug|Any CPU.Build.0 = Debug|Any CPU
		{AF919D97-E037-4754-ADCD-5685D5E6A475}.Debug|x64.ActiveCfg = Debug|Any CPU
		{AF919D97-E037-4754-ADCD-5685D5E6A475}.Debug|x64.Build.0 = Debug|Any CPU
		{AF919D97-E037-4754-ADCD-5685D5E6A475}.Debug|x86.ActiveCfg = Debug|Any CPU
		{AF919D97-E037-4754-ADCD-5685D5E6A475}.Debug|x86.Build.0 = Debug|Any CPU
		{AF919D97-E037-4754-ADCD-5685D5E6A475}.Release|Any CPU.ActiveCfg = Release|Any CPU
		{AF919D97-E037-4754-ADCD-5685D5E6A475}.Release|Any CPU.Build.0 = Release|Any CPU
		{AF919D97-E037-4754-ADCD-5685D5E6A475}.Release|x64.ActiveCfg = Release|Any CPU
		{AF919D97-E037-4754-ADCD-5685D5E6A475}.Release|x64.Build.0 = Release|Any CPU
		{AF919D97-E037-4754-ADCD-5685D5E6A475}.Release|x86.ActiveCfg = Release|Any CPU
		{AF919D97-E037-4754-ADCD-5685D5E6A475}.Release|x86.Build.0 = Release|Any CPU
		{9D75952F-B16F-15B5-2462-E0B50CD55933}.Debug|Any CPU.ActiveCfg = Debug|Any CPU
		{9D75952F-B16F-15B5-2462-E0B50CD55933}.Debug|Any CPU.Build.0 = Debug|Any CPU
		{9D75952F-B16F-15B5-2462-E0B50CD55933}.Debug|x64.ActiveCfg = Debug|Any CPU
		{9D75952F-B16F-15B5-2462-E0B50CD55933}.Debug|x64.Build.0 = Debug|Any CPU
		{9D75952F-B16F-15B5-2462-E0B50CD55933}.Debug|x86.ActiveCfg = Debug|Any CPU
		{9D75952F-B16F-15B5-2462-E0B50CD55933}.Debug|x86.Build.0 = Debug|Any CPU
		{9D75952F-B16F-15B5-2462-E0B50CD55933}.Release|Any CPU.ActiveCfg = Release|Any CPU
		{9D75952F-B16F-15B5-2462-E0B50CD55933}.Release|Any CPU.Build.0 = Release|Any CPU
		{9D75952F-B16F-15B5-2462-E0B50CD55933}.Release|x64.ActiveCfg = Release|Any CPU
		{9D75952F-B16F-15B5-2462-E0B50CD55933}.Release|x64.Build.0 = Release|Any CPU
		{9D75952F-B16F-15B5-2462-E0B50CD55933}.Release|x86.ActiveCfg = Release|Any CPU
		{9D75952F-B16F-15B5-2462-E0B50CD55933}.Release|x86.Build.0 = Release|Any CPU
		{9F007B2A-423E-1481-D819-9EB926A7D290}.Debug|Any CPU.ActiveCfg = Debug|Any CPU
		{9F007B2A-423E-1481-D819-9EB926A7D290}.Debug|Any CPU.Build.0 = Debug|Any CPU
		{9F007B2A-423E-1481-D819-9EB926A7D290}.Debug|x64.ActiveCfg = Debug|Any CPU
		{9F007B2A-423E-1481-D819-9EB926A7D290}.Debug|x64.Build.0 = Debug|Any CPU
		{9F007B2A-423E-1481-D819-9EB926A7D290}.Debug|x86.ActiveCfg = Debug|Any CPU
		{9F007B2A-423E-1481-D819-9EB926A7D290}.Debug|x86.Build.0 = Debug|Any CPU
		{9F007B2A-423E-1481-D819-9EB926A7D290}.Release|Any CPU.ActiveCfg = Release|Any CPU
		{9F007B2A-423E-1481-D819-9EB926A7D290}.Release|Any CPU.Build.0 = Release|Any CPU
		{9F007B2A-423E-1481-D819-9EB926A7D290}.Release|x64.ActiveCfg = Release|Any CPU
		{9F007B2A-423E-1481-D819-9EB926A7D290}.Release|x64.Build.0 = Release|Any CPU
		{9F007B2A-423E-1481-D819-9EB926A7D290}.Release|x86.ActiveCfg = Release|Any CPU
		{9F007B2A-423E-1481-D819-9EB926A7D290}.Release|x86.Build.0 = Release|Any CPU
		{7C2FB90A-A012-856B-2034-39206050C604}.Debug|Any CPU.ActiveCfg = Debug|Any CPU
		{7C2FB90A-A012-856B-2034-39206050C604}.Debug|Any CPU.Build.0 = Debug|Any CPU
		{7C2FB90A-A012-856B-2034-39206050C604}.Debug|x64.ActiveCfg = Debug|Any CPU
		{7C2FB90A-A012-856B-2034-39206050C604}.Debug|x64.Build.0 = Debug|Any CPU
		{7C2FB90A-A012-856B-2034-39206050C604}.Debug|x86.ActiveCfg = Debug|Any CPU
		{7C2FB90A-A012-856B-2034-39206050C604}.Debug|x86.Build.0 = Debug|Any CPU
		{7C2FB90A-A012-856B-2034-39206050C604}.Release|Any CPU.ActiveCfg = Release|Any CPU
		{7C2FB90A-A012-856B-2034-39206050C604}.Release|Any CPU.Build.0 = Release|Any CPU
		{7C2FB90A-A012-856B-2034-39206050C604}.Release|x64.ActiveCfg = Release|Any CPU
		{7C2FB90A-A012-856B-2034-39206050C604}.Release|x64.Build.0 = Release|Any CPU
		{7C2FB90A-A012-856B-2034-39206050C604}.Release|x86.ActiveCfg = Release|Any CPU
		{7C2FB90A-A012-856B-2034-39206050C604}.Release|x86.Build.0 = Release|Any CPU
		{220E5BBD-40FC-69E2-2A43-CB767A3821B1}.Debug|Any CPU.ActiveCfg = Debug|Any CPU
		{220E5BBD-40FC-69E2-2A43-CB767A3821B1}.Debug|Any CPU.Build.0 = Debug|Any CPU
		{220E5BBD-40FC-69E2-2A43-CB767A3821B1}.Debug|x64.ActiveCfg = Debug|Any CPU
		{220E5BBD-40FC-69E2-2A43-CB767A3821B1}.Debug|x64.Build.0 = Debug|Any CPU
		{220E5BBD-40FC-69E2-2A43-CB767A3821B1}.Debug|x86.ActiveCfg = Debug|Any CPU
		{220E5BBD-40FC-69E2-2A43-CB767A3821B1}.Debug|x86.Build.0 = Debug|Any CPU
		{220E5BBD-40FC-69E2-2A43-CB767A3821B1}.Release|Any CPU.ActiveCfg = Release|Any CPU
		{220E5BBD-40FC-69E2-2A43-CB767A3821B1}.Release|Any CPU.Build.0 = Release|Any CPU
		{220E5BBD-40FC-69E2-2A43-CB767A3821B1}.Release|x64.ActiveCfg = Release|Any CPU
		{220E5BBD-40FC-69E2-2A43-CB767A3821B1}.Release|x64.Build.0 = Release|Any CPU
		{220E5BBD-40FC-69E2-2A43-CB767A3821B1}.Release|x86.ActiveCfg = Release|Any CPU
		{220E5BBD-40FC-69E2-2A43-CB767A3821B1}.Release|x86.Build.0 = Release|Any CPU
		{73313CA8-3244-BE45-0A55-629D22FA6773}.Debug|Any CPU.ActiveCfg = Debug|Any CPU
		{73313CA8-3244-BE45-0A55-629D22FA6773}.Debug|Any CPU.Build.0 = Debug|Any CPU
		{73313CA8-3244-BE45-0A55-629D22FA6773}.Debug|x64.ActiveCfg = Debug|Any CPU
		{73313CA8-3244-BE45-0A55-629D22FA6773}.Debug|x64.Build.0 = Debug|Any CPU
		{73313CA8-3244-BE45-0A55-629D22FA6773}.Debug|x86.ActiveCfg = Debug|Any CPU
		{73313CA8-3244-BE45-0A55-629D22FA6773}.Debug|x86.Build.0 = Debug|Any CPU
		{73313CA8-3244-BE45-0A55-629D22FA6773}.Release|Any CPU.ActiveCfg = Release|Any CPU
		{73313CA8-3244-BE45-0A55-629D22FA6773}.Release|Any CPU.Build.0 = Release|Any CPU
		{73313CA8-3244-BE45-0A55-629D22FA6773}.Release|x64.ActiveCfg = Release|Any CPU
		{73313CA8-3244-BE45-0A55-629D22FA6773}.Release|x64.Build.0 = Release|Any CPU
		{73313CA8-3244-BE45-0A55-629D22FA6773}.Release|x86.ActiveCfg = Release|Any CPU
		{73313CA8-3244-BE45-0A55-629D22FA6773}.Release|x86.Build.0 = Release|Any CPU
		{9A3E4510-277E-48F8-99E5-DC5B55667E47}.Debug|Any CPU.ActiveCfg = Debug|Any CPU
		{9A3E4510-277E-48F8-99E5-DC5B55667E47}.Debug|Any CPU.Build.0 = Debug|Any CPU
		{9A3E4510-277E-48F8-99E5-DC5B55667E47}.Debug|x64.ActiveCfg = Debug|Any CPU
		{9A3E4510-277E-48F8-99E5-DC5B55667E47}.Debug|x64.Build.0 = Debug|Any CPU
		{9A3E4510-277E-48F8-99E5-DC5B55667E47}.Debug|x86.ActiveCfg = Debug|Any CPU
		{9A3E4510-277E-48F8-99E5-DC5B55667E47}.Debug|x86.Build.0 = Debug|Any CPU
		{9A3E4510-277E-48F8-99E5-DC5B55667E47}.Release|Any CPU.ActiveCfg = Release|Any CPU
		{9A3E4510-277E-48F8-99E5-DC5B55667E47}.Release|Any CPU.Build.0 = Release|Any CPU
		{9A3E4510-277E-48F8-99E5-DC5B55667E47}.Release|x64.ActiveCfg = Release|Any CPU
		{9A3E4510-277E-48F8-99E5-DC5B55667E47}.Release|x64.Build.0 = Release|Any CPU
		{9A3E4510-277E-48F8-99E5-DC5B55667E47}.Release|x86.ActiveCfg = Release|Any CPU
		{9A3E4510-277E-48F8-99E5-DC5B55667E47}.Release|x86.Build.0 = Release|Any CPU
		{95E8FE0E-2E63-E441-4D63-AAA52824E542}.Debug|Any CPU.ActiveCfg = Debug|Any CPU
		{95E8FE0E-2E63-E441-4D63-AAA52824E542}.Debug|Any CPU.Build.0 = Debug|Any CPU
		{95E8FE0E-2E63-E441-4D63-AAA52824E542}.Debug|x64.ActiveCfg = Debug|Any CPU
		{95E8FE0E-2E63-E441-4D63-AAA52824E542}.Debug|x64.Build.0 = Debug|Any CPU
		{95E8FE0E-2E63-E441-4D63-AAA52824E542}.Debug|x86.ActiveCfg = Debug|Any CPU
		{95E8FE0E-2E63-E441-4D63-AAA52824E542}.Debug|x86.Build.0 = Debug|Any CPU
		{95E8FE0E-2E63-E441-4D63-AAA52824E542}.Release|Any CPU.ActiveCfg = Release|Any CPU
		{95E8FE0E-2E63-E441-4D63-AAA52824E542}.Release|Any CPU.Build.0 = Release|Any CPU
		{95E8FE0E-2E63-E441-4D63-AAA52824E542}.Release|x64.ActiveCfg = Release|Any CPU
		{95E8FE0E-2E63-E441-4D63-AAA52824E542}.Release|x64.Build.0 = Release|Any CPU
		{95E8FE0E-2E63-E441-4D63-AAA52824E542}.Release|x86.ActiveCfg = Release|Any CPU
		{95E8FE0E-2E63-E441-4D63-AAA52824E542}.Release|x86.Build.0 = Release|Any CPU
		{F4FCB8B8-88FA-499E-9EEC-DF65DA08A7DF}.Debug|Any CPU.ActiveCfg = Debug|Any CPU
		{F4FCB8B8-88FA-499E-9EEC-DF65DA08A7DF}.Debug|Any CPU.Build.0 = Debug|Any CPU
		{F4FCB8B8-88FA-499E-9EEC-DF65DA08A7DF}.Debug|x64.ActiveCfg = Debug|Any CPU
		{F4FCB8B8-88FA-499E-9EEC-DF65DA08A7DF}.Debug|x64.Build.0 = Debug|Any CPU
		{F4FCB8B8-88FA-499E-9EEC-DF65DA08A7DF}.Debug|x86.ActiveCfg = Debug|Any CPU
		{F4FCB8B8-88FA-499E-9EEC-DF65DA08A7DF}.Debug|x86.Build.0 = Debug|Any CPU
		{F4FCB8B8-88FA-499E-9EEC-DF65DA08A7DF}.Release|Any CPU.ActiveCfg = Release|Any CPU
		{F4FCB8B8-88FA-499E-9EEC-DF65DA08A7DF}.Release|Any CPU.Build.0 = Release|Any CPU
		{F4FCB8B8-88FA-499E-9EEC-DF65DA08A7DF}.Release|x64.ActiveCfg = Release|Any CPU
		{F4FCB8B8-88FA-499E-9EEC-DF65DA08A7DF}.Release|x64.Build.0 = Release|Any CPU
		{F4FCB8B8-88FA-499E-9EEC-DF65DA08A7DF}.Release|x86.ActiveCfg = Release|Any CPU
		{F4FCB8B8-88FA-499E-9EEC-DF65DA08A7DF}.Release|x86.Build.0 = Release|Any CPU
		{2BC65373-5B88-46B1-B948-DD55251A10AC}.Debug|Any CPU.ActiveCfg = Debug|Any CPU
		{2BC65373-5B88-46B1-B948-DD55251A10AC}.Debug|Any CPU.Build.0 = Debug|Any CPU
		{2BC65373-5B88-46B1-B948-DD55251A10AC}.Debug|x64.ActiveCfg = Debug|Any CPU
		{2BC65373-5B88-46B1-B948-DD55251A10AC}.Debug|x64.Build.0 = Debug|Any CPU
		{2BC65373-5B88-46B1-B948-DD55251A10AC}.Debug|x86.ActiveCfg = Debug|Any CPU
		{2BC65373-5B88-46B1-B948-DD55251A10AC}.Debug|x86.Build.0 = Debug|Any CPU
		{2BC65373-5B88-46B1-B948-DD55251A10AC}.Release|Any CPU.ActiveCfg = Release|Any CPU
		{2BC65373-5B88-46B1-B948-DD55251A10AC}.Release|Any CPU.Build.0 = Release|Any CPU
		{2BC65373-5B88-46B1-B948-DD55251A10AC}.Release|x64.ActiveCfg = Release|Any CPU
		{2BC65373-5B88-46B1-B948-DD55251A10AC}.Release|x64.Build.0 = Release|Any CPU
		{2BC65373-5B88-46B1-B948-DD55251A10AC}.Release|x86.ActiveCfg = Release|Any CPU
		{2BC65373-5B88-46B1-B948-DD55251A10AC}.Release|x86.Build.0 = Release|Any CPU
	EndGlobalSection
	GlobalSection(SolutionProperties) = preSolution
		HideSolutionNode = FALSE
	EndGlobalSection
	GlobalSection(NestedProjects) = preSolution
		{A10B3205-FEF3-440C-8A3D-91BA85CB1CB6} = {E416065D-9440-47DC-988C-0305AD59D5F6}
		{BA4939C2-B0E9-1658-9BD4-29C4108A44BF} = {0AB3BF05-4346-4AA6-1389-037BE0695223}
		{70C4126D-18A8-430D-8D3F-6E4BBA80E0D8} = {BA4939C2-B0E9-1658-9BD4-29C4108A44BF}
		{4763F3D0-67D8-42D7-93EF-0B544548B3A7} = {8EE5B7D4-BB40-4789-AF2D-8CB93E278085}
		{CE59DCD8-053B-4853-AD20-FA9E660C5AA0} = {4763F3D0-67D8-42D7-93EF-0B544548B3A7}
		{F1E2D3C4-B5A6-4978-89AB-CDEF01234567} = {E416065D-9440-47DC-988C-0305AD59D5F6}
		{A2B3C4D5-E6F7-4891-ABCD-EF0123456789} = {BA4939C2-B0E9-1658-9BD4-29C4108A44BF}
		{B3C4D5E6-F7A8-49AB-BCDE-F01234567890} = {4763F3D0-67D8-42D7-93EF-0B544548B3A7}
		{D1E2F3A4-B5C6-4D7E-8F90-1A2B3C4D5E6F} = {E416065D-9440-47DC-988C-0305AD59D5F6}
		{E2F3A4B5-C6D7-4E8F-9001-2B3C4D5E6F70} = {BA4939C2-B0E9-1658-9BD4-29C4108A44BF}
		{F3A4B5C6-D7E8-4F90-A102-3C4D5E6F7081} = {4763F3D0-67D8-42D7-93EF-0B544548B3A7}
		{C4D5E6F7-A8B9-4CAB-CDEF-012345678901} = {E416065D-9440-47DC-988C-0305AD59D5F6}
		{D5E6F7A8-B9CA-4BCD-DEF0-123456789012} = {BA4939C2-B0E9-1658-9BD4-29C4108A44BF}
		{E6F7A8B9-CADB-4CDE-EF01-234567890123} = {4763F3D0-67D8-42D7-93EF-0B544548B3A7}
		{AF919D97-E037-4754-ADCD-5685D5E6A475} = {4763F3D0-67D8-42D7-93EF-0B544548B3A7}
		{9D75952F-B16F-15B5-2462-E0B50CD55933} = {E416065D-9440-47DC-988C-0305AD59D5F6}
		{9F007B2A-423E-1481-D819-9EB926A7D290} = {E416065D-9440-47DC-988C-0305AD59D5F6}
		{7C2FB90A-A012-856B-2034-39206050C604} = {E416065D-9440-47DC-988C-0305AD59D5F6}
		{220E5BBD-40FC-69E2-2A43-CB767A3821B1} = {4763F3D0-67D8-42D7-93EF-0B544548B3A7}
		{73313CA8-3244-BE45-0A55-629D22FA6773} = {4763F3D0-67D8-42D7-93EF-0B544548B3A7}
		{9A3E4510-277E-48F8-99E5-DC5B55667E47} = {BA4939C2-B0E9-1658-9BD4-29C4108A44BF}
		{95E8FE0E-2E63-E441-4D63-AAA52824E542} = {BA4939C2-B0E9-1658-9BD4-29C4108A44BF}
		{F4FCB8B8-88FA-499E-9EEC-DF65DA08A7DF} = {E416065D-9440-47DC-988C-0305AD59D5F6}
		{2BC65373-5B88-46B1-B948-DD55251A10AC} = {4763F3D0-67D8-42D7-93EF-0B544548B3A7}
	EndGlobalSection
	GlobalSection(ExtensibilityGlobals) = postSolution
		SolutionGuid = {55910C00-4827-4759-AFEA-36020B3BBE68}
	EndGlobalSection
EndGlobal
